// !$*UTF8*$!
{
	archiveVersion = 1;
	classes = {
	};
	objectVersion = 46;
	objects = {

/* Begin PBXBuildFile section */
		FF0B07BA1C634F8A007A7460 /* AppDelegate.swift in Sources */ = {isa = PBXBuildFile; fileRef = FF0B07B91C634F8A007A7460 /* AppDelegate.swift */; };
		FF0B07BC1C634F8A007A7460 /* ViewController.swift in Sources */ = {isa = PBXBuildFile; fileRef = FF0B07BB1C634F8A007A7460 /* ViewController.swift */; };
		FF0B07BF1C634F8A007A7460 /* Main.storyboard in Resources */ = {isa = PBXBuildFile; fileRef = FF0B07BD1C634F8A007A7460 /* Main.storyboard */; };
		FF0B07C11C634F8A007A7460 /* Assets.xcassets in Resources */ = {isa = PBXBuildFile; fileRef = FF0B07C01C634F8A007A7460 /* Assets.xcassets */; };
		FF0B07C41C634F8A007A7460 /* LaunchScreen.storyboard in Resources */ = {isa = PBXBuildFile; fileRef = FF0B07C21C634F8A007A7460 /* LaunchScreen.storyboard */; };
/* End PBXBuildFile section */

/* Begin PBXFileReference section */
		FF0B07B61C634F8A007A7460 /* yadda.app */ = {isa = PBXFileReference; explicitFileType = wrapper.application; includeInIndex = 0; path = yadda.app; sourceTree = BUILT_PRODUCTS_DIR; };
		FF0B07B91C634F8A007A7460 /* AppDelegate.swift */ = {isa = PBXFileReference; lastKnownFileType = sourcecode.swift; path = AppDelegate.swift; sourceTree = "<group>"; };
		FF0B07BB1C634F8A007A7460 /* ViewController.swift */ = {isa = PBXFileReference; lastKnownFileType = sourcecode.swift; path = ViewController.swift; sourceTree = "<group>"; };
		FF0B07BE1C634F8A007A7460 /* Base */ = {isa = PBXFileReference; lastKnownFileType = file.storyboard; name = Base; path = Base.lproj/Main.storyboard; sourceTree = "<group>"; };
		FF0B07C01C634F8A007A7460 /* Assets.xcassets */ = {isa = PBXFileReference; lastKnownFileType = folder.assetcatalog; path = Assets.xcassets; sourceTree = "<group>"; };
		FF0B07C31C634F8A007A7460 /* Base */ = {isa = PBXFileReference; lastKnownFileType = file.storyboard; name = Base; path = Base.lproj/LaunchScreen.storyboard; sourceTree = "<group>"; };
		FF0B07C51C634F8A007A7460 /* Info.plist */ = {isa = PBXFileReference; lastKnownFileType = text.plist.xml; path = Info.plist; sourceTree = "<group>"; };
/* End PBXFileReference section */

/* Begin PBXFrameworksBuildPhase section */
		FF0B07B31C634F8A007A7460 /* Frameworks */ = {
			isa = PBXFrameworksBuildPhase;
			buildActionMask = 2147483647;
			files = (
			);
			runOnlyForDeploymentPostprocessing = 0;
		};
/* End PBXFrameworksBuildPhase section */

/* Begin PBXGroup section */
		FF0B07AD1C634F8A007A7460 = {
			isa = PBXGroup;
			children = (
				FF0B07B81C634F8A007A7460 /* yadda */,
				FF0B07B71C634F8A007A7460 /* Products */,
			);
			sourceTree = "<group>";
		};
		FF0B07B71C634F8A007A7460 /* Products */ = {
			isa = PBXGroup;
			children = (
				FF0B07B61C634F8A007A7460 /* yadda.app */,
			);
			name = Products;
			sourceTree = "<group>";
		};
		FF0B07B81C634F8A007A7460 /* yadda */ = {
			isa = PBXGroup;
			children = (
				FF0B07B91C634F8A007A7460 /* AppDelegate.swift */,
				FF0B07BB1C634F8A007A7460 /* ViewController.swift */,
				FF0B07BD1C634F8A007A7460 /* Main.storyboard */,
				FF0B07C01C634F8A007A7460 /* Assets.xcassets */,
				FF0B07C21C634F8A007A7460 /* LaunchScreen.storyboard */,
				FF0B07C51C634F8A007A7460 /* Info.plist */,
			);
			path = yadda;
			sourceTree = "<group>";
		};
/* End PBXGroup section */

/* Begin PBXNativeTarget section */
		FF0B07B51C634F8A007A7460 /* yadda */ = {
			isa = PBXNativeTarget;
			buildConfigurationList = FF0B07C81C634F8A007A7460 /* Build configuration list for PBXNativeTarget "yadda" */;
			buildPhases = (
				FF0B07B21C634F8A007A7460 /* Sources */,
				FF0B07B31C634F8A007A7460 /* Frameworks */,
				FF0B07B41C634F8A007A7460 /* Resources */,
			);
			buildRules = (
			);
			dependencies = (
			);
			name = yadda;
			productName = yadda;
			productReference = FF0B07B61C634F8A007A7460 /* yadda.app */;
			productType = "com.apple.product-type.application";
		};
/* End PBXNativeTarget section */

/* Begin PBXProject section */
		FF0B07AE1C634F8A007A7460 /* Project object */ = {
			isa = PBXProject;
			attributes = {
				LastSwiftUpdateCheck = 0720;
				LastUpgradeCheck = 0720;
				ORGANIZATIONNAME = "Mauricio Hanika";
				TargetAttributes = {
					FF0B07B51C634F8A007A7460 = {
						CreatedOnToolsVersion = 7.2;
					};
				};
			};
			buildConfigurationList = FF0B07B11C634F8A007A7460 /* Build configuration list for PBXProject "yadda" */;
			compatibilityVersion = "Xcode 3.2";
			developmentRegion = English;
			hasScannedForEncodings = 0;
			knownRegions = (
				en,
				Base,
			);
			mainGroup = FF0B07AD1C634F8A007A7460;
			productRefGroup = FF0B07B71C634F8A007A7460 /* Products */;
			projectDirPath = "";
			projectRoot = "";
			targets = (
				FF0B07B51C634F8A007A7460 /* yadda */,
			);
		};
/* End PBXProject section */

/* Begin PBXResourcesBuildPhase section */
		FF0B07B41C634F8A007A7460 /* Resources */ = {
			isa = PBXResourcesBuildPhase;
			buildActionMask = 2147483647;
			files = (
				FF0B07C41C634F8A007A7460 /* LaunchScreen.storyboard in Resources */,
				FF0B07C11C634F8A007A7460 /* Assets.xcassets in Resources */,
				FF0B07BF1C634F8A007A7460 /* Main.storyboard in Resources */,
			);
			runOnlyForDeploymentPostprocessing = 0;
		};
/* End PBXResourcesBuildPhase section */

/* Begin PBXSourcesBuildPhase section */
		FF0B07B21C634F8A007A7460 /* Sources */ = {
			isa = PBXSourcesBuildPhase;
			buildActionMask = 2147483647;
			files = (
				FF0B07BC1C634F8A007A7460 /* ViewController.swift in Sources */,
				FF0B07BA1C634F8A007A7460 /* AppDelegate.swift in Sources */,
			);
			runOnlyForDeploymentPostprocessing = 0;
		};
/* End PBXSourcesBuildPhase section */

/* Begin PBXVariantGroup section */
		FF0B07BD1C634F8A007A7460 /* Main.storyboard */ = {
			isa = PBXVariantGroup;
			children = (
				FF0B07BE1C634F8A007A7460 /* Base */,
			);
			name = Main.storyboard;
			sourceTree = "<group>";
		};
		FF0B07C21C634F8A007A7460 /* LaunchScreen.storyboard */ = {
			isa = PBXVariantGroup;
			children = (
				FF0B07C31C634F8A007A7460 /* Base */,
			);
			name = LaunchScreen.storyboard;
			sourceTree = "<group>";
		};
/* End PBXVariantGroup section */

/* Begin XCBuildConfiguration section */
		FF0B07C61C634F8A007A7460 /* Debug */ = {
			isa = XCBuildConfiguration;
			buildSettings = {
				ALWAYS_SEARCH_USER_PATHS = NO;
				CLANG_CXX_LANGUAGE_STANDARD = "gnu++0x";
				CLANG_CXX_LIBRARY = "libc++";
				CLANG_ENABLE_MODULES = YES;
				CLANG_ENABLE_OBJC_ARC = YES;
				CLANG_WARN_BOOL_CONVERSION = YES;
				CLANG_WARN_CONSTANT_CONVERSION = YES;
				CLANG_WARN_DIRECT_OBJC_ISA_USAGE = YES_ERROR;
				CLANG_WARN_EMPTY_BODY = YES;
				CLANG_WARN_ENUM_CONVERSION = YES;
				CLANG_WARN_INT_CONVERSION = YES;
				CLANG_WARN_OBJC_ROOT_CLASS = YES_ERROR;
				CLANG_WARN_UNREACHABLE_CODE = YES;
				CLANG_WARN__DUPLICATE_METHOD_MATCH = YES;
				"CODE_SIGN_IDENTITY[sdk=iphoneos*]" = "iPhone Developer";
				COPY_PHASE_STRIP = NO;
				DEBUG_INFORMATION_FORMAT = dwarf;
				ENABLE_STRICT_OBJC_MSGSEND = YES;
				ENABLE_TESTABILITY = YES;
				GCC_C_LANGUAGE_STANDARD = gnu99;
				GCC_DYNAMIC_NO_PIC = NO;
				GCC_NO_COMMON_BLOCKS = YES;
				GCC_OPTIMIZATION_LEVEL = 0;
				GCC_PREPROCESSOR_DEFINITIONS = (
					"DEBUG=1",
					"$(inherited)",
				);
				GCC_WARN_64_TO_32_BIT_CONVERSION = YES;
				GCC_WARN_ABOUT_RETURN_TYPE = YES_ERROR;
				GCC_WARN_UNDECLARED_SELECTOR = YES;
				GCC_WARN_UNINITIALIZED_AUTOS = YES_AGGRESSIVE;
				GCC_WARN_UNUSED_FUNCTION = YES;
				GCC_WARN_UNUSED_VARIABLE = YES;
				IPHONEOS_DEPLOYMENT_TARGET = 9.2;
				MTL_ENABLE_DEBUG_INFO = YES;
				ONLY_ACTIVE_ARCH = YES;
				SDKROOT = iphoneos;
				SWIFT_OPTIMIZATION_LEVEL = "-Onone";
			};
			name = Debug;
		};
		FF0B07C71C634F8A007A7460 /* Release */ = {
			isa = XCBuildConfiguration;
			buildSettings = {
				ALWAYS_SEARCH_USER_PATHS = NO;
				CLANG_CXX_LANGUAGE_STANDARD = "gnu++0x";
				CLANG_CXX_LIBRARY = "libc++";
				CLANG_ENABLE_MODULES = YES;
				CLANG_ENABLE_OBJC_ARC = YES;
				CLANG_WARN_BOOL_CONVERSION = YES;
				CLANG_WARN_CONSTANT_CONVERSION = YES;
				CLANG_WARN_DIRECT_OBJC_ISA_USAGE = YES_ERROR;
				CLANG_WARN_EMPTY_BODY = YES;
				CLANG_WARN_ENUM_CONVERSION = YES;
				CLANG_WARN_INT_CONVERSION = YES;
				CLANG_WARN_OBJC_ROOT_CLASS = YES_ERROR;
				CLANG_WARN_UNREACHABLE_CODE = YES;
				CLANG_WARN__DUPLICATE_METHOD_MATCH = YES;
				"CODE_SIGN_IDENTITY[sdk=iphoneos*]" = "iPhone Developer";
				COPY_PHASE_STRIP = NO;
				DEBUG_INFORMATION_FORMAT = "dwarf-with-dsym";
				ENABLE_NS_ASSERTIONS = NO;
				ENABLE_STRICT_OBJC_MSGSEND = YES;
				GCC_C_LANGUAGE_STANDARD = gnu99;
				GCC_NO_COMMON_BLOCKS = YES;
				GCC_WARN_64_TO_32_BIT_CONVERSION = YES;
				GCC_WARN_ABOUT_RETURN_TYPE = YES_ERROR;
				GCC_WARN_UNDECLARED_SELECTOR = YES;
				GCC_WARN_UNINITIALIZED_AUTOS = YES_AGGRESSIVE;
				GCC_WARN_UNUSED_FUNCTION = YES;
				GCC_WARN_UNUSED_VARIABLE = YES;
				IPHONEOS_DEPLOYMENT_TARGET = 9.2;
				MTL_ENABLE_DEBUG_INFO = NO;
				SDKROOT = iphoneos;
				VALIDATE_PRODUCT = YES;
			};
			name = Release;
		};
		FF0B07C91C634F8A007A7460 /* Debug */ = {
			isa = XCBuildConfiguration;
			buildSettings = {
				ASSETCATALOG_COMPILER_APPICON_NAME = AppIcon;
				INFOPLIST_FILE = yadda/Info.plist;
				LD_RUNPATH_SEARCH_PATHS = "$(inherited) @executable_path/Frameworks";
				PRODUCT_BUNDLE_IDENTIFIER = de.mauriciohanika.yadda;
				PRODUCT_NAME = "$(TARGET_NAME)";
			};
			name = Debug;
		};
		FF0B07CA1C634F8A007A7460 /* Release */ = {
			isa = XCBuildConfiguration;
			buildSettings = {
				ASSETCATALOG_COMPILER_APPICON_NAME = AppIcon;
				INFOPLIST_FILE = yadda/Info.plist;
				LD_RUNPATH_SEARCH_PATHS = "$(inherited) @executable_path/Frameworks";
				PRODUCT_BUNDLE_IDENTIFIER = de.mauriciohanika.yadda;
				PRODUCT_NAME = "$(TARGET_NAME)";
			};
			name = Release;
		};
/* End XCBuildConfiguration section */

/* Begin XCConfigurationList section */
		FF0B07B11C634F8A007A7460 /* Build configuration list for PBXProject "yadda" */ = {
			isa = XCConfigurationList;
			buildConfigurations = (
				FF0B07C61C634F8A007A7460 /* Debug */,
				FF0B07C71C634F8A007A7460 /* Release */,
			);
			defaultConfigurationIsVisible = 0;
			defaultConfigurationName = Release;
		};
		FF0B07C81C634F8A007A7460 /* Build configuration list for PBXNativeTarget "yadda" */ = {
			isa = XCConfigurationList;
			buildConfigurations = (
				FF0B07C91C634F8A007A7460 /* Debug */,
				FF0B07CA1C634F8A007A7460 /* Release */,
			);
			defaultConfigurationIsVisible = 0;
			defaultConfigurationName = Release;
		};
/* End XCConfigurationList section */
	};
	rootObject = FF0B07AE1C634F8A007A7460 /* Project object */;
}
